%{
  "benchfella": {:hex, :benchfella, "0.3.5", "b2122c234117b3f91ed7b43b6e915e19e1ab216971154acd0a80ce0e9b8c05f5", [:mix], [], "hexpm", "23f27cbc482cbac03fc8926441eb60a5e111759c17642bac005c3225f5eb809d"},
  "ex_doc": {:hex, :ex_doc, "0.7.2", "c24bd9efdace906c23c943280a3d29c15e649e4c0eeca92f6ee35723f44691a7", [:mix], [], "hexpm", "8bb0b9272b4b427a0f8f915b85a82a3296be8c3a3814891b1c9d090839b5d396"},
  "faker": {:hex, :faker, "0.17.0", "671019d0652f63aefd8723b72167ecdb284baf7d47ad3a82a15e9b8a6df5d1fa", [:mix], [], "hexpm", "a7d4ad84a93fd25c5f5303510753789fc2433ff241bf3b4144d3f6f291658a6a"},
  "poison": {:hex, :poison, "1.4.0", "cd5afb9db7f0d19487572fa28185b6d4de647f14235746824e77b3139b79b725", [:mix], [], "hexpm", "b2715aaeb9f549f4e30739d43993e3c1b1053a4ed69d50c660621bdd1eb96606"},
}
